// !$*UTF8*$!
{
	archiveVersion = 1;
	classes = {
	};
	objectVersion = 55;
	objects = {

/* Begin PBXBuildFile section */
		7328CBC528C58A7D00EC8FAA /* AppDelegate.swift in Sources */ = {isa = PBXBuildFile; fileRef = 7328CBC428C58A7D00EC8FAA /* AppDelegate.swift */; };
		7328CBC728C58A7D00EC8FAA /* SceneDelegate.swift in Sources */ = {isa = PBXBuildFile; fileRef = 7328CBC628C58A7D00EC8FAA /* SceneDelegate.swift */; };
		7328CBCE28C58A7F00EC8FAA /* Assets.xcassets in Resources */ = {isa = PBXBuildFile; fileRef = 7328CBCD28C58A7F00EC8FAA /* Assets.xcassets */; };
		7328CBD128C58A7F00EC8FAA /* LaunchScreen.storyboard in Resources */ = {isa = PBXBuildFile; fileRef = 7328CBCF28C58A7F00EC8FAA /* LaunchScreen.storyboard */; };
		7328CBDC28C58A7F00EC8FAA /* PokeAppTests.swift in Sources */ = {isa = PBXBuildFile; fileRef = 7328CBDB28C58A7F00EC8FAA /* PokeAppTests.swift */; };
		7328CBE628C58A7F00EC8FAA /* PokeAppUITests.swift in Sources */ = {isa = PBXBuildFile; fileRef = 7328CBE528C58A7F00EC8FAA /* PokeAppUITests.swift */; };
		7328CBE828C58A7F00EC8FAA /* PokeAppUITestsLaunchTests.swift in Sources */ = {isa = PBXBuildFile; fileRef = 7328CBE728C58A7F00EC8FAA /* PokeAppUITestsLaunchTests.swift */; };
		7328CBF628C58ABD00EC8FAA /* PokeHomeViewController.swift in Sources */ = {isa = PBXBuildFile; fileRef = 7328CBF528C58ABD00EC8FAA /* PokeHomeViewController.swift */; };
		7328CBFA28C58D1E00EC8FAA /* PokeFactory.swift in Sources */ = {isa = PBXBuildFile; fileRef = 7328CBF928C58D1E00EC8FAA /* PokeFactory.swift */; };
		7328CBFC28C5911F00EC8FAA /* PokeInteractor.swift in Sources */ = {isa = PBXBuildFile; fileRef = 7328CBFB28C5911F00EC8FAA /* PokeInteractor.swift */; };
		7328CBFF28C5935600EC8FAA /* PokePresenter.swift in Sources */ = {isa = PBXBuildFile; fileRef = 7328CBFE28C5935600EC8FAA /* PokePresenter.swift */; };
		7328CC0328C5A41300EC8FAA /* PokeRepository.swift in Sources */ = {isa = PBXBuildFile; fileRef = 7328CC0228C5A41300EC8FAA /* PokeRepository.swift */; };
		7328CC0728C5AD7500EC8FAA /* PokeModel.swift in Sources */ = {isa = PBXBuildFile; fileRef = 7328CC0628C5AD7500EC8FAA /* PokeModel.swift */; };
		7381CC4528C5BEDD00ED2CD1 /* ClassExtensions.swift in Sources */ = {isa = PBXBuildFile; fileRef = 7381CC4428C5BEDD00ED2CD1 /* ClassExtensions.swift */; };
		7381CC4928C638A000ED2CD1 /* PokeListViewController.swift in Sources */ = {isa = PBXBuildFile; fileRef = 7381CC4828C638A000ED2CD1 /* PokeListViewController.swift */; };
		7381CC4B28C638AC00ED2CD1 /* PokeListInteractor.swift in Sources */ = {isa = PBXBuildFile; fileRef = 7381CC4A28C638AC00ED2CD1 /* PokeListInteractor.swift */; };
		7381CC4D28C638B800ED2CD1 /* PokeListPresenter.swift in Sources */ = {isa = PBXBuildFile; fileRef = 7381CC4C28C638B800ED2CD1 /* PokeListPresenter.swift */; };
		7381CC4F28C6555800ED2CD1 /* PokeTableViewCell.swift in Sources */ = {isa = PBXBuildFile; fileRef = 7381CC4E28C6555800ED2CD1 /* PokeTableViewCell.swift */; };
		7381CC5128C84A3C00ED2CD1 /* Extensions.swift in Sources */ = {isa = PBXBuildFile; fileRef = 7381CC5028C84A3C00ED2CD1 /* Extensions.swift */; };
/* End PBXBuildFile section */

/* Begin PBXContainerItemProxy section */
		7328CBD828C58A7F00EC8FAA /* PBXContainerItemProxy */ = {
			isa = PBXContainerItemProxy;
			containerPortal = 7328CBB928C58A7D00EC8FAA /* Project object */;
			proxyType = 1;
			remoteGlobalIDString = 7328CBC028C58A7D00EC8FAA;
			remoteInfo = PokeApp;
		};
		7328CBE228C58A7F00EC8FAA /* PBXContainerItemProxy */ = {
			isa = PBXContainerItemProxy;
			containerPortal = 7328CBB928C58A7D00EC8FAA /* Project object */;
			proxyType = 1;
			remoteGlobalIDString = 7328CBC028C58A7D00EC8FAA;
			remoteInfo = PokeApp;
		};
/* End PBXContainerItemProxy section */

/* Begin PBXFileReference section */
		7328CBC128C58A7D00EC8FAA /* PokeApp.app */ = {isa = PBXFileReference; explicitFileType = wrapper.application; includeInIndex = 0; path = PokeApp.app; sourceTree = BUILT_PRODUCTS_DIR; };
		7328CBC428C58A7D00EC8FAA /* AppDelegate.swift */ = {isa = PBXFileReference; lastKnownFileType = sourcecode.swift; path = AppDelegate.swift; sourceTree = "<group>"; };
		7328CBC628C58A7D00EC8FAA /* SceneDelegate.swift */ = {isa = PBXFileReference; lastKnownFileType = sourcecode.swift; path = SceneDelegate.swift; sourceTree = "<group>"; };
		7328CBCD28C58A7F00EC8FAA /* Assets.xcassets */ = {isa = PBXFileReference; lastKnownFileType = folder.assetcatalog; path = Assets.xcassets; sourceTree = "<group>"; };
		7328CBD028C58A7F00EC8FAA /* Base */ = {isa = PBXFileReference; lastKnownFileType = file.storyboard; name = Base; path = Base.lproj/LaunchScreen.storyboard; sourceTree = "<group>"; };
		7328CBD228C58A7F00EC8FAA /* Info.plist */ = {isa = PBXFileReference; lastKnownFileType = text.plist.xml; path = Info.plist; sourceTree = "<group>"; };
		7328CBD728C58A7F00EC8FAA /* PokeAppTests.xctest */ = {isa = PBXFileReference; explicitFileType = wrapper.cfbundle; includeInIndex = 0; path = PokeAppTests.xctest; sourceTree = BUILT_PRODUCTS_DIR; };
		7328CBDB28C58A7F00EC8FAA /* PokeAppTests.swift */ = {isa = PBXFileReference; lastKnownFileType = sourcecode.swift; path = PokeAppTests.swift; sourceTree = "<group>"; };
		7328CBE128C58A7F00EC8FAA /* PokeAppUITests.xctest */ = {isa = PBXFileReference; explicitFileType = wrapper.cfbundle; includeInIndex = 0; path = PokeAppUITests.xctest; sourceTree = BUILT_PRODUCTS_DIR; };
		7328CBE528C58A7F00EC8FAA /* PokeAppUITests.swift */ = {isa = PBXFileReference; lastKnownFileType = sourcecode.swift; path = PokeAppUITests.swift; sourceTree = "<group>"; };
		7328CBE728C58A7F00EC8FAA /* PokeAppUITestsLaunchTests.swift */ = {isa = PBXFileReference; lastKnownFileType = sourcecode.swift; path = PokeAppUITestsLaunchTests.swift; sourceTree = "<group>"; };
		7328CBF528C58ABD00EC8FAA /* PokeHomeViewController.swift */ = {isa = PBXFileReference; lastKnownFileType = sourcecode.swift; path = PokeHomeViewController.swift; sourceTree = "<group>"; };
		7328CBF928C58D1E00EC8FAA /* PokeFactory.swift */ = {isa = PBXFileReference; lastKnownFileType = sourcecode.swift; path = PokeFactory.swift; sourceTree = "<group>"; };
		7328CBFB28C5911F00EC8FAA /* PokeInteractor.swift */ = {isa = PBXFileReference; lastKnownFileType = sourcecode.swift; path = PokeInteractor.swift; sourceTree = "<group>"; };
		7328CBFE28C5935600EC8FAA /* PokePresenter.swift */ = {isa = PBXFileReference; lastKnownFileType = sourcecode.swift; path = PokePresenter.swift; sourceTree = "<group>"; };
		7328CC0228C5A41300EC8FAA /* PokeRepository.swift */ = {isa = PBXFileReference; lastKnownFileType = sourcecode.swift; path = PokeRepository.swift; sourceTree = "<group>"; };
		7328CC0628C5AD7500EC8FAA /* PokeModel.swift */ = {isa = PBXFileReference; lastKnownFileType = sourcecode.swift; path = PokeModel.swift; sourceTree = "<group>"; };
		7381CC4428C5BEDD00ED2CD1 /* ClassExtensions.swift */ = {isa = PBXFileReference; lastKnownFileType = sourcecode.swift; path = ClassExtensions.swift; sourceTree = "<group>"; };
		7381CC4828C638A000ED2CD1 /* PokeListViewController.swift */ = {isa = PBXFileReference; lastKnownFileType = sourcecode.swift; path = PokeListViewController.swift; sourceTree = "<group>"; };
		7381CC4A28C638AC00ED2CD1 /* PokeListInteractor.swift */ = {isa = PBXFileReference; lastKnownFileType = sourcecode.swift; path = PokeListInteractor.swift; sourceTree = "<group>"; };
		7381CC4C28C638B800ED2CD1 /* PokeListPresenter.swift */ = {isa = PBXFileReference; lastKnownFileType = sourcecode.swift; path = PokeListPresenter.swift; sourceTree = "<group>"; };
		7381CC4E28C6555800ED2CD1 /* PokeTableViewCell.swift */ = {isa = PBXFileReference; lastKnownFileType = sourcecode.swift; path = PokeTableViewCell.swift; sourceTree = "<group>"; };
		7381CC5028C84A3C00ED2CD1 /* Extensions.swift */ = {isa = PBXFileReference; lastKnownFileType = sourcecode.swift; path = Extensions.swift; sourceTree = "<group>"; };
/* End PBXFileReference section */

/* Begin PBXFrameworksBuildPhase section */
		7328CBBE28C58A7D00EC8FAA /* Frameworks */ = {
			isa = PBXFrameworksBuildPhase;
			buildActionMask = 2147483647;
			files = (
			);
			runOnlyForDeploymentPostprocessing = 0;
		};
		7328CBD428C58A7F00EC8FAA /* Frameworks */ = {
			isa = PBXFrameworksBuildPhase;
			buildActionMask = 2147483647;
			files = (
			);
			runOnlyForDeploymentPostprocessing = 0;
		};
		7328CBDE28C58A7F00EC8FAA /* Frameworks */ = {
			isa = PBXFrameworksBuildPhase;
			buildActionMask = 2147483647;
			files = (
			);
			runOnlyForDeploymentPostprocessing = 0;
		};
/* End PBXFrameworksBuildPhase section */

/* Begin PBXGroup section */
		7328CBB828C58A7D00EC8FAA = {
			isa = PBXGroup;
			children = (
				7328CBC328C58A7D00EC8FAA /* PokeApp */,
				7328CBDA28C58A7F00EC8FAA /* PokeAppTests */,
				7328CBE428C58A7F00EC8FAA /* PokeAppUITests */,
				7328CBC228C58A7D00EC8FAA /* Products */,
			);
			sourceTree = "<group>";
		};
		7328CBC228C58A7D00EC8FAA /* Products */ = {
			isa = PBXGroup;
			children = (
				7328CBC128C58A7D00EC8FAA /* PokeApp.app */,
				7328CBD728C58A7F00EC8FAA /* PokeAppTests.xctest */,
				7328CBE128C58A7F00EC8FAA /* PokeAppUITests.xctest */,
			);
			name = Products;
			sourceTree = "<group>";
		};
		7328CBC328C58A7D00EC8FAA /* PokeApp */ = {
			isa = PBXGroup;
			children = (
				7328CC0128C5A3D300EC8FAA /* Network */,
				7328CBF728C58AD300EC8FAA /* Supporting Files */,
				7328CBF428C58AA800EC8FAA /* Scenes */,
				7328CBF828C58C5100EC8FAA /* Factory */,
			);
			path = PokeApp;
			sourceTree = "<group>";
		};
		7328CBDA28C58A7F00EC8FAA /* PokeAppTests */ = {
			isa = PBXGroup;
			children = (
				7328CBDB28C58A7F00EC8FAA /* PokeAppTests.swift */,
			);
			path = PokeAppTests;
			sourceTree = "<group>";
		};
		7328CBE428C58A7F00EC8FAA /* PokeAppUITests */ = {
			isa = PBXGroup;
			children = (
				7328CBE528C58A7F00EC8FAA /* PokeAppUITests.swift */,
				7328CBE728C58A7F00EC8FAA /* PokeAppUITestsLaunchTests.swift */,
			);
			path = PokeAppUITests;
			sourceTree = "<group>";
		};
		7328CBF428C58AA800EC8FAA /* Scenes */ = {
			isa = PBXGroup;
			children = (
				7381CC4728C6388D00ED2CD1 /* PokeList */,
				7381CC4628C6386300ED2CD1 /* HomePoke */,
			);
			path = Scenes;
			sourceTree = "<group>";
		};
		7328CBF728C58AD300EC8FAA /* Supporting Files */ = {
			isa = PBXGroup;
			children = (
				7328CC0828C5BC6000EC8FAA /* Extension */,
				7328CC0028C5A3A400EC8FAA /* Assets */,
				7328CBD228C58A7F00EC8FAA /* Info.plist */,
				7328CBC428C58A7D00EC8FAA /* AppDelegate.swift */,
				7328CBC628C58A7D00EC8FAA /* SceneDelegate.swift */,
				7328CBCF28C58A7F00EC8FAA /* LaunchScreen.storyboard */,
			);
			path = "Supporting Files";
			sourceTree = "<group>";
		};
		7328CBF828C58C5100EC8FAA /* Factory */ = {
			isa = PBXGroup;
			children = (
				7328CBF928C58D1E00EC8FAA /* PokeFactory.swift */,
			);
			path = Factory;
			sourceTree = "<group>";
		};
		7328CC0028C5A3A400EC8FAA /* Assets */ = {
			isa = PBXGroup;
			children = (
				7328CBCD28C58A7F00EC8FAA /* Assets.xcassets */,
			);
			path = Assets;
			sourceTree = "<group>";
		};
		7328CC0128C5A3D300EC8FAA /* Network */ = {
			isa = PBXGroup;
			children = (
				7328CC0528C5AD6600EC8FAA /* Model */,
				7328CC0428C5AD5900EC8FAA /* Repository */,
			);
			path = Network;
			sourceTree = "<group>";
		};
		7328CC0428C5AD5900EC8FAA /* Repository */ = {
			isa = PBXGroup;
			children = (
				7328CC0228C5A41300EC8FAA /* PokeRepository.swift */,
			);
			path = Repository;
			sourceTree = "<group>";
		};
		7328CC0528C5AD6600EC8FAA /* Model */ = {
			isa = PBXGroup;
			children = (
				7328CC0628C5AD7500EC8FAA /* PokeModel.swift */,
			);
			path = Model;
			sourceTree = "<group>";
		};
		7328CC0828C5BC6000EC8FAA /* Extension */ = {
			isa = PBXGroup;
			children = (
				7381CC4428C5BEDD00ED2CD1 /* ClassExtensions.swift */,
				7381CC5028C84A3C00ED2CD1 /* Extensions.swift */,
			);
			path = Extension;
			sourceTree = "<group>";
		};
		7381CC4628C6386300ED2CD1 /* HomePoke */ = {
			isa = PBXGroup;
			children = (
				7328CBF528C58ABD00EC8FAA /* PokeHomeViewController.swift */,
				7328CBFB28C5911F00EC8FAA /* PokeInteractor.swift */,
				7328CBFE28C5935600EC8FAA /* PokePresenter.swift */,
			);
			path = HomePoke;
			sourceTree = "<group>";
		};
		7381CC4728C6388D00ED2CD1 /* PokeList */ = {
			isa = PBXGroup;
			children = (
				7381CC4828C638A000ED2CD1 /* PokeListViewController.swift */,
				7381CC4A28C638AC00ED2CD1 /* PokeListInteractor.swift */,
				7381CC4C28C638B800ED2CD1 /* PokeListPresenter.swift */,
				7381CC4E28C6555800ED2CD1 /* PokeTableViewCell.swift */,
			);
			path = PokeList;
			sourceTree = "<group>";
		};
/* End PBXGroup section */

/* Begin PBXNativeTarget section */
		7328CBC028C58A7D00EC8FAA /* PokeApp */ = {
			isa = PBXNativeTarget;
			buildConfigurationList = 7328CBEB28C58A7F00EC8FAA /* Build configuration list for PBXNativeTarget "PokeApp" */;
			buildPhases = (
				7328CBBD28C58A7D00EC8FAA /* Sources */,
				7328CBBE28C58A7D00EC8FAA /* Frameworks */,
				7328CBBF28C58A7D00EC8FAA /* Resources */,
			);
			buildRules = (
			);
			dependencies = (
			);
			name = PokeApp;
			productName = PokeApp;
			productReference = 7328CBC128C58A7D00EC8FAA /* PokeApp.app */;
			productType = "com.apple.product-type.application";
		};
		7328CBD628C58A7F00EC8FAA /* PokeAppTests */ = {
			isa = PBXNativeTarget;
			buildConfigurationList = 7328CBEE28C58A7F00EC8FAA /* Build configuration list for PBXNativeTarget "PokeAppTests" */;
			buildPhases = (
				7328CBD328C58A7F00EC8FAA /* Sources */,
				7328CBD428C58A7F00EC8FAA /* Frameworks */,
				7328CBD528C58A7F00EC8FAA /* Resources */,
			);
			buildRules = (
			);
			dependencies = (
				7328CBD928C58A7F00EC8FAA /* PBXTargetDependency */,
			);
			name = PokeAppTests;
			productName = PokeAppTests;
			productReference = 7328CBD728C58A7F00EC8FAA /* PokeAppTests.xctest */;
			productType = "com.apple.product-type.bundle.unit-test";
		};
		7328CBE028C58A7F00EC8FAA /* PokeAppUITests */ = {
			isa = PBXNativeTarget;
			buildConfigurationList = 7328CBF128C58A7F00EC8FAA /* Build configuration list for PBXNativeTarget "PokeAppUITests" */;
			buildPhases = (
				7328CBDD28C58A7F00EC8FAA /* Sources */,
				7328CBDE28C58A7F00EC8FAA /* Frameworks */,
				7328CBDF28C58A7F00EC8FAA /* Resources */,
			);
			buildRules = (
			);
			dependencies = (
				7328CBE328C58A7F00EC8FAA /* PBXTargetDependency */,
			);
			name = PokeAppUITests;
			productName = PokeAppUITests;
			productReference = 7328CBE128C58A7F00EC8FAA /* PokeAppUITests.xctest */;
			productType = "com.apple.product-type.bundle.ui-testing";
		};
/* End PBXNativeTarget section */

/* Begin PBXProject section */
		7328CBB928C58A7D00EC8FAA /* Project object */ = {
			isa = PBXProject;
			attributes = {
				BuildIndependentTargetsInParallel = 1;
				LastSwiftUpdateCheck = 1340;
				LastUpgradeCheck = 1340;
				TargetAttributes = {
					7328CBC028C58A7D00EC8FAA = {
						CreatedOnToolsVersion = 13.4.1;
					};
					7328CBD628C58A7F00EC8FAA = {
						CreatedOnToolsVersion = 13.4.1;
						TestTargetID = 7328CBC028C58A7D00EC8FAA;
					};
					7328CBE028C58A7F00EC8FAA = {
						CreatedOnToolsVersion = 13.4.1;
						TestTargetID = 7328CBC028C58A7D00EC8FAA;
					};
				};
			};
			buildConfigurationList = 7328CBBC28C58A7D00EC8FAA /* Build configuration list for PBXProject "PokeApp" */;
			compatibilityVersion = "Xcode 13.0";
			developmentRegion = en;
			hasScannedForEncodings = 0;
			knownRegions = (
				en,
				Base,
			);
			mainGroup = 7328CBB828C58A7D00EC8FAA;
			productRefGroup = 7328CBC228C58A7D00EC8FAA /* Products */;
			projectDirPath = "";
			projectRoot = "";
			targets = (
				7328CBC028C58A7D00EC8FAA /* PokeApp */,
				7328CBD628C58A7F00EC8FAA /* PokeAppTests */,
				7328CBE028C58A7F00EC8FAA /* PokeAppUITests */,
			);
		};
/* End PBXProject section */

/* Begin PBXResourcesBuildPhase section */
		7328CBBF28C58A7D00EC8FAA /* Resources */ = {
			isa = PBXResourcesBuildPhase;
			buildActionMask = 2147483647;
			files = (
				7328CBD128C58A7F00EC8FAA /* LaunchScreen.storyboard in Resources */,
				7328CBCE28C58A7F00EC8FAA /* Assets.xcassets in Resources */,
			);
			runOnlyForDeploymentPostprocessing = 0;
		};
		7328CBD528C58A7F00EC8FAA /* Resources */ = {
			isa = PBXResourcesBuildPhase;
			buildActionMask = 2147483647;
			files = (
			);
			runOnlyForDeploymentPostprocessing = 0;
		};
		7328CBDF28C58A7F00EC8FAA /* Resources */ = {
			isa = PBXResourcesBuildPhase;
			buildActionMask = 2147483647;
			files = (
			);
			runOnlyForDeploymentPostprocessing = 0;
		};
/* End PBXResourcesBuildPhase section */

/* Begin PBXSourcesBuildPhase section */
		7328CBBD28C58A7D00EC8FAA /* Sources */ = {
			isa = PBXSourcesBuildPhase;
			buildActionMask = 2147483647;
			files = (
				7328CBC528C58A7D00EC8FAA /* AppDelegate.swift in Sources */,
				7381CC4B28C638AC00ED2CD1 /* PokeListInteractor.swift in Sources */,
				7381CC4528C5BEDD00ED2CD1 /* ClassExtensions.swift in Sources */,
				7328CBF628C58ABD00EC8FAA /* PokeHomeViewController.swift in Sources */,
				7328CC0728C5AD7500EC8FAA /* PokeModel.swift in Sources */,
				7328CBFC28C5911F00EC8FAA /* PokeInteractor.swift in Sources */,
				7328CBC728C58A7D00EC8FAA /* SceneDelegate.swift in Sources */,
				7328CC0328C5A41300EC8FAA /* PokeRepository.swift in Sources */,
				7381CC4928C638A000ED2CD1 /* PokeListViewController.swift in Sources */,
				7381CC4F28C6555800ED2CD1 /* PokeTableViewCell.swift in Sources */,
				7381CC4D28C638B800ED2CD1 /* PokeListPresenter.swift in Sources */,
				7328CBFA28C58D1E00EC8FAA /* PokeFactory.swift in Sources */,
				7328CBFF28C5935600EC8FAA /* PokePresenter.swift in Sources */,
				7381CC5128C84A3C00ED2CD1 /* Extensions.swift in Sources */,
			);
			runOnlyForDeploymentPostprocessing = 0;
		};
		7328CBD328C58A7F00EC8FAA /* Sources */ = {
			isa = PBXSourcesBuildPhase;
			buildActionMask = 2147483647;
			files = (
				7328CBDC28C58A7F00EC8FAA /* PokeAppTests.swift in Sources */,
			);
			runOnlyForDeploymentPostprocessing = 0;
		};
		7328CBDD28C58A7F00EC8FAA /* Sources */ = {
			isa = PBXSourcesBuildPhase;
			buildActionMask = 2147483647;
			files = (
				7328CBE628C58A7F00EC8FAA /* PokeAppUITests.swift in Sources */,
				7328CBE828C58A7F00EC8FAA /* PokeAppUITestsLaunchTests.swift in Sources */,
			);
			runOnlyForDeploymentPostprocessing = 0;
		};
/* End PBXSourcesBuildPhase section */

/* Begin PBXTargetDependency section */
		7328CBD928C58A7F00EC8FAA /* PBXTargetDependency */ = {
			isa = PBXTargetDependency;
			target = 7328CBC028C58A7D00EC8FAA /* PokeApp */;
			targetProxy = 7328CBD828C58A7F00EC8FAA /* PBXContainerItemProxy */;
		};
		7328CBE328C58A7F00EC8FAA /* PBXTargetDependency */ = {
			isa = PBXTargetDependency;
			target = 7328CBC028C58A7D00EC8FAA /* PokeApp */;
			targetProxy = 7328CBE228C58A7F00EC8FAA /* PBXContainerItemProxy */;
		};
/* End PBXTargetDependency section */

/* Begin PBXVariantGroup section */
		7328CBCF28C58A7F00EC8FAA /* LaunchScreen.storyboard */ = {
			isa = PBXVariantGroup;
			children = (
				7328CBD028C58A7F00EC8FAA /* Base */,
			);
			name = LaunchScreen.storyboard;
			sourceTree = "<group>";
		};
/* End PBXVariantGroup section */

/* Begin XCBuildConfiguration section */
		7328CBE928C58A7F00EC8FAA /* Debug */ = {
			isa = XCBuildConfiguration;
			buildSettings = {
				ALWAYS_SEARCH_USER_PATHS = NO;
				CLANG_ANALYZER_NONNULL = YES;
				CLANG_ANALYZER_NUMBER_OBJECT_CONVERSION = YES_AGGRESSIVE;
				CLANG_CXX_LANGUAGE_STANDARD = "gnu++17";
				CLANG_ENABLE_MODULES = YES;
				CLANG_ENABLE_OBJC_ARC = YES;
				CLANG_ENABLE_OBJC_WEAK = YES;
				CLANG_WARN_BLOCK_CAPTURE_AUTORELEASING = YES;
				CLANG_WARN_BOOL_CONVERSION = YES;
				CLANG_WARN_COMMA = YES;
				CLANG_WARN_CONSTANT_CONVERSION = YES;
				CLANG_WARN_DEPRECATED_OBJC_IMPLEMENTATIONS = YES;
				CLANG_WARN_DIRECT_OBJC_ISA_USAGE = YES_ERROR;
				CLANG_WARN_DOCUMENTATION_COMMENTS = YES;
				CLANG_WARN_EMPTY_BODY = YES;
				CLANG_WARN_ENUM_CONVERSION = YES;
				CLANG_WARN_INFINITE_RECURSION = YES;
				CLANG_WARN_INT_CONVERSION = YES;
				CLANG_WARN_NON_LITERAL_NULL_CONVERSION = YES;
				CLANG_WARN_OBJC_IMPLICIT_RETAIN_SELF = YES;
				CLANG_WARN_OBJC_LITERAL_CONVERSION = YES;
				CLANG_WARN_OBJC_ROOT_CLASS = YES_ERROR;
				CLANG_WARN_QUOTED_INCLUDE_IN_FRAMEWORK_HEADER = YES;
				CLANG_WARN_RANGE_LOOP_ANALYSIS = YES;
				CLANG_WARN_STRICT_PROTOTYPES = YES;
				CLANG_WARN_SUSPICIOUS_MOVE = YES;
				CLANG_WARN_UNGUARDED_AVAILABILITY = YES_AGGRESSIVE;
				CLANG_WARN_UNREACHABLE_CODE = YES;
				CLANG_WARN__DUPLICATE_METHOD_MATCH = YES;
				COPY_PHASE_STRIP = NO;
				DEBUG_INFORMATION_FORMAT = dwarf;
				ENABLE_STRICT_OBJC_MSGSEND = YES;
				ENABLE_TESTABILITY = YES;
				GCC_C_LANGUAGE_STANDARD = gnu11;
				GCC_DYNAMIC_NO_PIC = NO;
				GCC_NO_COMMON_BLOCKS = YES;
				GCC_OPTIMIZATION_LEVEL = 0;
				GCC_PREPROCESSOR_DEFINITIONS = (
					"DEBUG=1",
					"$(inherited)",
				);
				GCC_WARN_64_TO_32_BIT_CONVERSION = YES;
				GCC_WARN_ABOUT_RETURN_TYPE = YES_ERROR;
				GCC_WARN_UNDECLARED_SELECTOR = YES;
				GCC_WARN_UNINITIALIZED_AUTOS = YES_AGGRESSIVE;
				GCC_WARN_UNUSED_FUNCTION = YES;
				GCC_WARN_UNUSED_VARIABLE = YES;
				IPHONEOS_DEPLOYMENT_TARGET = 15.5;
				MTL_ENABLE_DEBUG_INFO = INCLUDE_SOURCE;
				MTL_FAST_MATH = YES;
				ONLY_ACTIVE_ARCH = YES;
				SDKROOT = iphoneos;
				SWIFT_ACTIVE_COMPILATION_CONDITIONS = DEBUG;
				SWIFT_OPTIMIZATION_LEVEL = "-Onone";
			};
			name = Debug;
		};
		7328CBEA28C58A7F00EC8FAA /* Release */ = {
			isa = XCBuildConfiguration;
			buildSettings = {
				ALWAYS_SEARCH_USER_PATHS = NO;
				CLANG_ANALYZER_NONNULL = YES;
				CLANG_ANALYZER_NUMBER_OBJECT_CONVERSION = YES_AGGRESSIVE;
				CLANG_CXX_LANGUAGE_STANDARD = "gnu++17";
				CLANG_ENABLE_MODULES = YES;
				CLANG_ENABLE_OBJC_ARC = YES;
				CLANG_ENABLE_OBJC_WEAK = YES;
				CLANG_WARN_BLOCK_CAPTURE_AUTORELEASING = YES;
				CLANG_WARN_BOOL_CONVERSION = YES;
				CLANG_WARN_COMMA = YES;
				CLANG_WARN_CONSTANT_CONVERSION = YES;
				CLANG_WARN_DEPRECATED_OBJC_IMPLEMENTATIONS = YES;
				CLANG_WARN_DIRECT_OBJC_ISA_USAGE = YES_ERROR;
				CLANG_WARN_DOCUMENTATION_COMMENTS = YES;
				CLANG_WARN_EMPTY_BODY = YES;
				CLANG_WARN_ENUM_CONVERSION = YES;
				CLANG_WARN_INFINITE_RECURSION = YES;
				CLANG_WARN_INT_CONVERSION = YES;
				CLANG_WARN_NON_LITERAL_NULL_CONVERSION = YES;
				CLANG_WARN_OBJC_IMPLICIT_RETAIN_SELF = YES;
				CLANG_WARN_OBJC_LITERAL_CONVERSION = YES;
				CLANG_WARN_OBJC_ROOT_CLASS = YES_ERROR;
				CLANG_WARN_QUOTED_INCLUDE_IN_FRAMEWORK_HEADER = YES;
				CLANG_WARN_RANGE_LOOP_ANALYSIS = YES;
				CLANG_WARN_STRICT_PROTOTYPES = YES;
				CLANG_WARN_SUSPICIOUS_MOVE = YES;
				CLANG_WARN_UNGUARDED_AVAILABILITY = YES_AGGRESSIVE;
				CLANG_WARN_UNREACHABLE_CODE = YES;
				CLANG_WARN__DUPLICATE_METHOD_MATCH = YES;
				COPY_PHASE_STRIP = NO;
				DEBUG_INFORMATION_FORMAT = "dwarf-with-dsym";
				ENABLE_NS_ASSERTIONS = NO;
				ENABLE_STRICT_OBJC_MSGSEND = YES;
				GCC_C_LANGUAGE_STANDARD = gnu11;
				GCC_NO_COMMON_BLOCKS = YES;
				GCC_WARN_64_TO_32_BIT_CONVERSION = YES;
				GCC_WARN_ABOUT_RETURN_TYPE = YES_ERROR;
				GCC_WARN_UNDECLARED_SELECTOR = YES;
				GCC_WARN_UNINITIALIZED_AUTOS = YES_AGGRESSIVE;
				GCC_WARN_UNUSED_FUNCTION = YES;
				GCC_WARN_UNUSED_VARIABLE = YES;
				IPHONEOS_DEPLOYMENT_TARGET = 15.5;
				MTL_ENABLE_DEBUG_INFO = NO;
				MTL_FAST_MATH = YES;
				SDKROOT = iphoneos;
				SWIFT_COMPILATION_MODE = wholemodule;
				SWIFT_OPTIMIZATION_LEVEL = "-O";
				VALIDATE_PRODUCT = YES;
			};
			name = Release;
		};
		7328CBEC28C58A7F00EC8FAA /* Debug */ = {
			isa = XCBuildConfiguration;
			buildSettings = {
				ASSETCATALOG_COMPILER_APPICON_NAME = AppIcon;
				ASSETCATALOG_COMPILER_GLOBAL_ACCENT_COLOR_NAME = AccentColor;
				CODE_SIGN_STYLE = Automatic;
				CURRENT_PROJECT_VERSION = 1;
				DEVELOPMENT_TEAM = 95PPXQCPC6;
				GENERATE_INFOPLIST_FILE = YES;
				INFOPLIST_FILE = "PokeApp/Supporting Files/Info.plist";
				INFOPLIST_KEY_UIApplicationSupportsIndirectInputEvents = YES;
				INFOPLIST_KEY_UILaunchStoryboardName = LaunchScreen;
				INFOPLIST_KEY_UISupportedInterfaceOrientations_iPad = "UIInterfaceOrientationPortrait UIInterfaceOrientationPortraitUpsideDown UIInterfaceOrientationLandscapeLeft UIInterfaceOrientationLandscapeRight";
				INFOPLIST_KEY_UISupportedInterfaceOrientations_iPhone = "UIInterfaceOrientationPortrait UIInterfaceOrientationLandscapeLeft UIInterfaceOrientationLandscapeRight";
				LD_RUNPATH_SEARCH_PATHS = (
					"$(inherited)",
					"@executable_path/Frameworks",
				);
				MARKETING_VERSION = 1.0;
				PRODUCT_BUNDLE_IDENTIFIER = com.projects.PokeApp;
				PRODUCT_NAME = "$(TARGET_NAME)";
				SWIFT_EMIT_LOC_STRINGS = YES;
				SWIFT_VERSION = 5.0;
				TARGETED_DEVICE_FAMILY = 1;
			};
			name = Debug;
		};
		7328CBED28C58A7F00EC8FAA /* Release */ = {
			isa = XCBuildConfiguration;
			buildSettings = {
				ASSETCATALOG_COMPILER_APPICON_NAME = AppIcon;
				ASSETCATALOG_COMPILER_GLOBAL_ACCENT_COLOR_NAME = AccentColor;
				CODE_SIGN_STYLE = Automatic;
				CURRENT_PROJECT_VERSION = 1;
				DEVELOPMENT_TEAM = 95PPXQCPC6;
				GENERATE_INFOPLIST_FILE = YES;
				INFOPLIST_FILE = "PokeApp/Supporting Files/Info.plist";
				INFOPLIST_KEY_UIApplicationSupportsIndirectInputEvents = YES;
				INFOPLIST_KEY_UILaunchStoryboardName = LaunchScreen;
				INFOPLIST_KEY_UISupportedInterfaceOrientations_iPad = "UIInterfaceOrientationPortrait UIInterfaceOrientationPortraitUpsideDown UIInterfaceOrientationLandscapeLeft UIInterfaceOrientationLandscapeRight";
				INFOPLIST_KEY_UISupportedInterfaceOrientations_iPhone = "UIInterfaceOrientationPortrait UIInterfaceOrientationLandscapeLeft UIInterfaceOrientationLandscapeRight";
				LD_RUNPATH_SEARCH_PATHS = (
					"$(inherited)",
					"@executable_path/Frameworks",
				);
				MARKETING_VERSION = 1.0;
				PRODUCT_BUNDLE_IDENTIFIER = com.projects.PokeApp;
				PRODUCT_NAME = "$(TARGET_NAME)";
				SWIFT_EMIT_LOC_STRINGS = YES;
				SWIFT_VERSION = 5.0;
				TARGETED_DEVICE_FAMILY = 1;
			};
			name = Release;
		};
		7328CBEF28C58A7F00EC8FAA /* Debug */ = {
			isa = XCBuildConfiguration;
			buildSettings = {
				ALWAYS_EMBED_SWIFT_STANDARD_LIBRARIES = YES;
				BUNDLE_LOADER = "$(TEST_HOST)";
				CODE_SIGN_STYLE = Automatic;
				CURRENT_PROJECT_VERSION = 1;
				DEVELOPMENT_TEAM = 95PPXQCPC6;
				GENERATE_INFOPLIST_FILE = YES;
				IPHONEOS_DEPLOYMENT_TARGET = 15.5;
				MARKETING_VERSION = 1.0;
				PRODUCT_BUNDLE_IDENTIFIER = com.projects.PokeAppTests;
				PRODUCT_NAME = "$(TARGET_NAME)";
				SWIFT_EMIT_LOC_STRINGS = NO;
				SWIFT_VERSION = 5.0;
				TARGETED_DEVICE_FAMILY = "1,2";
				TEST_HOST = "$(BUILT_PRODUCTS_DIR)/PokeApp.app/PokeApp";
			};
			name = Debug;
		};
		7328CBF028C58A7F00EC8FAA /* Release */ = {
			isa = XCBuildConfiguration;
			buildSettings = {
				ALWAYS_EMBED_SWIFT_STANDARD_LIBRARIES = YES;
				BUNDLE_LOADER = "$(TEST_HOST)";
				CODE_SIGN_STYLE = Automatic;
				CURRENT_PROJECT_VERSION = 1;
				DEVELOPMENT_TEAM = 95PPXQCPC6;
				GENERATE_INFOPLIST_FILE = YES;
				IPHONEOS_DEPLOYMENT_TARGET = 15.5;
				MARKETING_VERSION = 1.0;
				PRODUCT_BUNDLE_IDENTIFIER = com.projects.PokeAppTests;
				PRODUCT_NAME = "$(TARGET_NAME)";
				SWIFT_EMIT_LOC_STRINGS = NO;
				SWIFT_VERSION = 5.0;
				TARGETED_DEVICE_FAMILY = "1,2";
				TEST_HOST = "$(BUILT_PRODUCTS_DIR)/PokeApp.app/PokeApp";
			};
			name = Release;
		};
		7328CBF228C58A7F00EC8FAA /* Debug */ = {
			isa = XCBuildConfiguration;
			buildSettings = {
				ALWAYS_EMBED_SWIFT_STANDARD_LIBRARIES = YES;
				CODE_SIGN_STYLE = Automatic;
				CURRENT_PROJECT_VERSION = 1;
				DEVELOPMENT_TEAM = 95PPXQCPC6;
				GENERATE_INFOPLIST_FILE = YES;
				MARKETING_VERSION = 1.0;
				PRODUCT_BUNDLE_IDENTIFIER = com.projects.PokeAppUITests;
				PRODUCT_NAME = "$(TARGET_NAME)";
				SWIFT_EMIT_LOC_STRINGS = NO;
				SWIFT_VERSION = 5.0;
				TARGETED_DEVICE_FAMILY = "1,2";
				TEST_TARGET_NAME = PokeApp;
			};
			name = Debug;
		};
		7328CBF328C58A7F00EC8FAA /* Release */ = {
			isa = XCBuildConfiguration;
			buildSettings = {
				ALWAYS_EMBED_SWIFT_STANDARD_LIBRARIES = YES;
				CODE_SIGN_STYLE = Automatic;
				CURRENT_PROJECT_VERSION = 1;
				DEVELOPMENT_TEAM = 95PPXQCPC6;
				GENERATE_INFOPLIST_FILE = YES;
				MARKETING_VERSION = 1.0;
				PRODUCT_BUNDLE_IDENTIFIER = com.projects.PokeAppUITests;
				PRODUCT_NAME = "$(TARGET_NAME)";
				SWIFT_EMIT_LOC_STRINGS = NO;
				SWIFT_VERSION = 5.0;
				TARGETED_DEVICE_FAMILY = "1,2";
				TEST_TARGET_NAME = PokeApp;
			};
			name = Release;
		};
/* End XCBuildConfiguration section */

/* Begin XCConfigurationList section */
		7328CBBC28C58A7D00EC8FAA /* Build configuration list for PBXProject "PokeApp" */ = {
			isa = XCConfigurationList;
			buildConfigurations = (
				7328CBE928C58A7F00EC8FAA /* Debug */,
				7328CBEA28C58A7F00EC8FAA /* Release */,
			);
			defaultConfigurationIsVisible = 0;
			defaultConfigurationName = Release;
		};
		7328CBEB28C58A7F00EC8FAA /* Build configuration list for PBXNativeTarget "PokeApp" */ = {
			isa = XCConfigurationList;
			buildConfigurations = (
				7328CBEC28C58A7F00EC8FAA /* Debug */,
				7328CBED28C58A7F00EC8FAA /* Release */,
			);
			defaultConfigurationIsVisible = 0;
			defaultConfigurationName = Release;
		};
		7328CBEE28C58A7F00EC8FAA /* Build configuration list for PBXNativeTarget "PokeAppTests" */ = {
			isa = XCConfigurationList;
			buildConfigurations = (
				7328CBEF28C58A7F00EC8FAA /* Debug */,
				7328CBF028C58A7F00EC8FAA /* Release */,
			);
			defaultConfigurationIsVisible = 0;
			defaultConfigurationName = Release;
		};
		7328CBF128C58A7F00EC8FAA /* Build configuration list for PBXNativeTarget "PokeAppUITests" */ = {
			isa = XCConfigurationList;
			buildConfigurations = (
				7328CBF228C58A7F00EC8FAA /* Debug */,
				7328CBF328C58A7F00EC8FAA /* Release */,
			);
			defaultConfigurationIsVisible = 0;
			defaultConfigurationName = Release;
		};
/* End XCConfigurationList section */
	};
	rootObject = 7328CBB928C58A7D00EC8FAA /* Project object */;
}
